
Microsoft Visual Studio Solution File, Format Version 12.00
# Visual Studio 15
VisualStudioVersion = 15.0.28307.421
MinimumVisualStudioVersion = 10.0.40219.1
Project("{FAE04EC0-301F-11D3-BF4B-00C04F79EFBC}") = "Quan_ly_nhan_su", "Quan_ly_nhan_su\Quan_ly_nhan_su.csproj", "{678C9E73-FD81-47BE-ABE8-2894B2D00D17}"
EndProject
Global
	GlobalSection(SolutionConfigurationPlatforms) = preSolution
		Debug|Any CPU = Debug|Any CPU
		Release|Any CPU = Release|Any CPU
	EndGlobalSection
	GlobalSection(ProjectConfigurationPlatforms) = postSolution
		{678C9E73-FD81-47BE-ABE8-2894B2D00D17}.Debug|Any CPU.ActiveCfg = Debug|Any CPU
		{678C9E73-FD81-47BE-ABE8-2894B2D00D17}.Debug|Any CPU.Build.0 = Debug|Any CPU
		{678C9E73-FD81-47BE-ABE8-2894B2D00D17}.Release|Any CPU.ActiveCfg = Release|Any CPU
		{678C9E73-FD81-47BE-ABE8-2894B2D00D17}.Release|Any CPU.Build.0 = Release|Any CPU
	EndGlobalSection
	GlobalSection(SolutionProperties) = preSolution
		HideSolutionNode = FALSE
	EndGlobalSection
	GlobalSection(ExtensibilityGlobals) = postSolution
		SolutionGuid = {9AFFF04B-A390-4C25-B338-04E80D3DFD31}
	EndGlobalSection
EndGlobal
